
Microsoft Visual Studio Solution File, Format Version 12.00
# Visual Studio Version 16
VisualStudioVersion = 16.0.28803.202
MinimumVisualStudioVersion = 10.0.40219.1
Project("{FAE04EC0-301F-11D3-BF4B-00C04F79EFBC}") = "Week7Converters", "Week7Converters\Week7Converters.csproj", "{DEC89016-F694-4BDE-8265-55495F6137A6}"
EndProject
Project("{FAE04EC0-301F-11D3-BF4B-00C04F79EFBC}") = "Pcode", "Pcode\Pcode.csproj", "{2FD75026-4DAD-47C6-94A4-B456E79FD136}"
EndProject
Global
	GlobalSection(SolutionConfigurationPlatforms) = preSolution
		Debug|Any CPU = Debug|Any CPU
		Release|Any CPU = Release|Any CPU
	EndGlobalSection
	GlobalSection(ProjectConfigurationPlatforms) = postSolution
		{DEC89016-F694-4BDE-8265-55495F6137A6}.Debug|Any CPU.ActiveCfg = Debug|Any CPU
		{DEC89016-F694-4BDE-8265-55495F6137A6}.Debug|Any CPU.Build.0 = Debug|Any CPU
		{DEC89016-F694-4BDE-8265-55495F6137A6}.Release|Any CPU.ActiveCfg = Release|Any CPU
		{DEC89016-F694-4BDE-8265-55495F6137A6}.Release|Any CPU.Build.0 = Release|Any CPU
		{2FD75026-4DAD-47C6-94A4-B456E79FD136}.Debug|Any CPU.ActiveCfg = Debug|Any CPU
		{2FD75026-4DAD-47C6-94A4-B456E79FD136}.Debug|Any CPU.Build.0 = Debug|Any CPU
		{2FD75026-4DAD-47C6-94A4-B456E79FD136}.Release|Any CPU.ActiveCfg = Release|Any CPU
		{2FD75026-4DAD-47C6-94A4-B456E79FD136}.Release|Any CPU.Build.0 = Release|Any CPU
	EndGlobalSection
	GlobalSection(SolutionProperties) = preSolution
		HideSolutionNode = FALSE
	EndGlobalSection
	GlobalSection(ExtensibilityGlobals) = postSolution
		SolutionGuid = {35708EBE-1E1D-4441-88AD-8CFFDB3B2EAA}
	EndGlobalSection
EndGlobal
